
Microsoft Visual Studio Solution File, Format Version 12.00
# Visual Studio Version 17
VisualStudioVersion = 17.7.34031.279
MinimumVisualStudioVersion = 10.0.40219.1
Project("{9A19103F-16F7-4668-BE54-9A1E7A4F7556}") = "PaintWindow", "PaintWindow.csproj", "{4DC6B2C4-20F2-441E-BAB0-BE596ADCB262}"
EndProject
Project("{9A19103F-16F7-4668-BE54-9A1E7A4F7556}") = "Contract", "..\Contract\Contract.csproj", "{CA79ABC9-6045-48F7-A2D8-359B470B3DD6}"
EndProject
Project("{9A19103F-16F7-4668-BE54-9A1E7A4F7556}") = "Line2D", "..\Line2D\Line2D.csproj", "{3627425C-46DB-413C-94B4-E50EF285B0AE}"
EndProject
Project("{9A19103F-16F7-4668-BE54-9A1E7A4F7556}") = "Adorner", "..\Adorner\Adorner.csproj", "{E206CCBE-1517-4374-94B0-EB635DB737AE}"
EndProject
Project("{9A19103F-16F7-4668-BE54-9A1E7A4F7556}") = "Curve", "..\Curve\Curve.csproj", "{C7E2FC2F-DFC7-456C-B731-34B4ACD32DD5}"
EndProject
Project("{9A19103F-16F7-4668-BE54-9A1E7A4F7556}") = "Eraser", "..\Eraser\Eraser.csproj", "{FF10B7BD-24C3-4C28-86EA-F31C72A9CCB8}"
EndProject
Project("{9A19103F-16F7-4668-BE54-9A1E7A4F7556}") = "Utility", "..\Utilities\Utility.csproj", "{80F17F4E-83FE-4014-9A67-B9982D3D221B}"
EndProject
Project("{9A19103F-16F7-4668-BE54-9A1E7A4F7556}") = "Textbox", "..\Textbox\Textbox.csproj", "{C0D8CE55-CBE3-4952-A360-AE2DBD59BBCD}"
EndProject
Project("{9A19103F-16F7-4668-BE54-9A1E7A4F7556}") = "Image2D", "..\Image2D\Image2D.csproj", "{47ED6355-4541-4D5A-90F6-213738A2C262}"
EndProject
Project("{9A19103F-16F7-4668-BE54-9A1E7A4F7556}") = "FillColor", "..\FillColor\FillColor.csproj", "{9597FC29-4207-4BF7-A796-CA67EFD0835C}"
EndProject
Project("{9A19103F-16F7-4668-BE54-9A1E7A4F7556}") = "Select2D", "..\Select2D\Select2D.csproj", "{F78D04E6-D2E0-4FF6-82C3-3977FCB3641D}"
EndProject
Project("{FAE04EC0-301F-11D3-BF4B-00C04F79EFBC}") = "Outline", "..\Outline\Outline.csproj", "{839F5D35-B37A-4426-AAED-794D5948F598}"
EndProject
Project("{FAE04EC0-301F-11D3-BF4B-00C04F79EFBC}") = "Retangle2D", "..\Retangle2D\Retangle2D.csproj", "{3FD3B9CB-2AB3-414D-81DA-C9CA9410B34D}"
EndProject
Project("{FAE04EC0-301F-11D3-BF4B-00C04F79EFBC}") = "Square", "..\Square\Square.csproj", "{D1C353A5-A00F-4F6A-80FC-7C518BF62E13}"
EndProject
Project("{FAE04EC0-301F-11D3-BF4B-00C04F79EFBC}") = "Ellipse2D", "..\Ellipse2D\Ellipse2D.csproj", "{B8D4A2F7-47A8-4391-AA62-5BDB23B5F90C}"
EndProject
Project("{FAE04EC0-301F-11D3-BF4B-00C04F79EFBC}") = "Arrow2D", "..\Arrow2D\Arrow2D.csproj", "{AFDE8707-F7F3-403A-97F6-3B24F827B011}"
EndProject
Project("{FAE04EC0-301F-11D3-BF4B-00C04F79EFBC}") = "Diamond2D", "..\Diamond2D\Diamond2D.csproj", "{0C5BCD9D-CC36-4FD6-AAFC-8D4370FF01E2}"
EndProject
Project("{FAE04EC0-301F-11D3-BF4B-00C04F79EFBC}") = "Heart2D", "..\Heart2D\Heart2D.csproj", "{DDC1C49E-0A0B-4471-B859-20FAAF1B1C14}"
EndProject
Project("{FAE04EC0-301F-11D3-BF4B-00C04F79EFBC}") = "Start2D", "..\Start2D\Start2D.csproj", "{2793C1C1-F62A-45F2-8147-11548CC5B875}"
EndProject
Project("{FAE04EC0-301F-11D3-BF4B-00C04F79EFBC}") = "Triangle2D", "..\Triangle2D\Triangle2D.csproj", "{F130A567-D93F-4A51-93CA-BE94032E4403}"
EndProject
Project("{FAE04EC0-301F-11D3-BF4B-00C04F79EFBC}") = "Hexagon2D", "..\Hexagon2D\Hexagon2D.csproj", "{081C688D-30A9-47D7-89FB-332B4E6D4414}"
EndProject
Global
	GlobalSection(SolutionConfigurationPlatforms) = preSolution
		Debug|Any CPU = Debug|Any CPU
		Release|Any CPU = Release|Any CPU
	EndGlobalSection
	GlobalSection(ProjectConfigurationPlatforms) = postSolution
		{4DC6B2C4-20F2-441E-BAB0-BE596ADCB262}.Debug|Any CPU.ActiveCfg = Debug|Any CPU
		{4DC6B2C4-20F2-441E-BAB0-BE596ADCB262}.Debug|Any CPU.Build.0 = Debug|Any CPU
		{4DC6B2C4-20F2-441E-BAB0-BE596ADCB262}.Release|Any CPU.ActiveCfg = Release|Any CPU
		{4DC6B2C4-20F2-441E-BAB0-BE596ADCB262}.Release|Any CPU.Build.0 = Release|Any CPU
		{CA79ABC9-6045-48F7-A2D8-359B470B3DD6}.Debug|Any CPU.ActiveCfg = Debug|Any CPU
		{CA79ABC9-6045-48F7-A2D8-359B470B3DD6}.Debug|Any CPU.Build.0 = Debug|Any CPU
		{CA79ABC9-6045-48F7-A2D8-359B470B3DD6}.Release|Any CPU.ActiveCfg = Release|Any CPU
		{CA79ABC9-6045-48F7-A2D8-359B470B3DD6}.Release|Any CPU.Build.0 = Release|Any CPU
		{3627425C-46DB-413C-94B4-E50EF285B0AE}.Debug|Any CPU.ActiveCfg = Debug|Any CPU
		{3627425C-46DB-413C-94B4-E50EF285B0AE}.Debug|Any CPU.Build.0 = Debug|Any CPU
		{3627425C-46DB-413C-94B4-E50EF285B0AE}.Release|Any CPU.ActiveCfg = Release|Any CPU
		{3627425C-46DB-413C-94B4-E50EF285B0AE}.Release|Any CPU.Build.0 = Release|Any CPU
		{E206CCBE-1517-4374-94B0-EB635DB737AE}.Debug|Any CPU.ActiveCfg = Debug|Any CPU
		{E206CCBE-1517-4374-94B0-EB635DB737AE}.Debug|Any CPU.Build.0 = Debug|Any CPU
		{E206CCBE-1517-4374-94B0-EB635DB737AE}.Release|Any CPU.ActiveCfg = Release|Any CPU
		{E206CCBE-1517-4374-94B0-EB635DB737AE}.Release|Any CPU.Build.0 = Release|Any CPU
		{C7E2FC2F-DFC7-456C-B731-34B4ACD32DD5}.Debug|Any CPU.ActiveCfg = Debug|Any CPU
		{C7E2FC2F-DFC7-456C-B731-34B4ACD32DD5}.Debug|Any CPU.Build.0 = Debug|Any CPU
		{C7E2FC2F-DFC7-456C-B731-34B4ACD32DD5}.Release|Any CPU.ActiveCfg = Release|Any CPU
		{C7E2FC2F-DFC7-456C-B731-34B4ACD32DD5}.Release|Any CPU.Build.0 = Release|Any CPU
		{FF10B7BD-24C3-4C28-86EA-F31C72A9CCB8}.Debug|Any CPU.ActiveCfg = Debug|Any CPU
		{FF10B7BD-24C3-4C28-86EA-F31C72A9CCB8}.Debug|Any CPU.Build.0 = Debug|Any CPU
		{FF10B7BD-24C3-4C28-86EA-F31C72A9CCB8}.Release|Any CPU.ActiveCfg = Release|Any CPU
		{FF10B7BD-24C3-4C28-86EA-F31C72A9CCB8}.Release|Any CPU.Build.0 = Release|Any CPU
		{80F17F4E-83FE-4014-9A67-B9982D3D221B}.Debug|Any CPU.ActiveCfg = Debug|Any CPU
		{80F17F4E-83FE-4014-9A67-B9982D3D221B}.Debug|Any CPU.Build.0 = Debug|Any CPU
		{80F17F4E-83FE-4014-9A67-B9982D3D221B}.Release|Any CPU.ActiveCfg = Release|Any CPU
		{80F17F4E-83FE-4014-9A67-B9982D3D221B}.Release|Any CPU.Build.0 = Release|Any CPU
		{C0D8CE55-CBE3-4952-A360-AE2DBD59BBCD}.Debug|Any CPU.ActiveCfg = Debug|Any CPU
		{C0D8CE55-CBE3-4952-A360-AE2DBD59BBCD}.Debug|Any CPU.Build.0 = Debug|Any CPU
		{C0D8CE55-CBE3-4952-A360-AE2DBD59BBCD}.Release|Any CPU.ActiveCfg = Release|Any CPU
		{C0D8CE55-CBE3-4952-A360-AE2DBD59BBCD}.Release|Any CPU.Build.0 = Release|Any CPU
		{47ED6355-4541-4D5A-90F6-213738A2C262}.Debug|Any CPU.ActiveCfg = Debug|Any CPU
		{47ED6355-4541-4D5A-90F6-213738A2C262}.Debug|Any CPU.Build.0 = Debug|Any CPU
		{47ED6355-4541-4D5A-90F6-213738A2C262}.Release|Any CPU.ActiveCfg = Release|Any CPU
		{47ED6355-4541-4D5A-90F6-213738A2C262}.Release|Any CPU.Build.0 = Release|Any CPU
		{9597FC29-4207-4BF7-A796-CA67EFD0835C}.Debug|Any CPU.ActiveCfg = Debug|Any CPU
		{9597FC29-4207-4BF7-A796-CA67EFD0835C}.Debug|Any CPU.Build.0 = Debug|Any CPU
		{9597FC29-4207-4BF7-A796-CA67EFD0835C}.Release|Any CPU.ActiveCfg = Release|Any CPU
		{9597FC29-4207-4BF7-A796-CA67EFD0835C}.Release|Any CPU.Build.0 = Release|Any CPU
		{F78D04E6-D2E0-4FF6-82C3-3977FCB3641D}.Debug|Any CPU.ActiveCfg = Debug|Any CPU
		{F78D04E6-D2E0-4FF6-82C3-3977FCB3641D}.Debug|Any CPU.Build.0 = Debug|Any CPU
		{F78D04E6-D2E0-4FF6-82C3-3977FCB3641D}.Release|Any CPU.ActiveCfg = Release|Any CPU
		{F78D04E6-D2E0-4FF6-82C3-3977FCB3641D}.Release|Any CPU.Build.0 = Release|Any CPU
		{839F5D35-B37A-4426-AAED-794D5948F598}.Debug|Any CPU.ActiveCfg = Debug|Any CPU
		{839F5D35-B37A-4426-AAED-794D5948F598}.Debug|Any CPU.Build.0 = Debug|Any CPU
		{839F5D35-B37A-4426-AAED-794D5948F598}.Release|Any CPU.ActiveCfg = Release|Any CPU
		{839F5D35-B37A-4426-AAED-794D5948F598}.Release|Any CPU.Build.0 = Release|Any CPU
		{3FD3B9CB-2AB3-414D-81DA-C9CA9410B34D}.Debug|Any CPU.ActiveCfg = Debug|Any CPU
		{3FD3B9CB-2AB3-414D-81DA-C9CA9410B34D}.Debug|Any CPU.Build.0 = Debug|Any CPU
		{3FD3B9CB-2AB3-414D-81DA-C9CA9410B34D}.Release|Any CPU.ActiveCfg = Release|Any CPU
		{3FD3B9CB-2AB3-414D-81DA-C9CA9410B34D}.Release|Any CPU.Build.0 = Release|Any CPU
		{D1C353A5-A00F-4F6A-80FC-7C518BF62E13}.Debug|Any CPU.ActiveCfg = Debug|Any CPU
		{D1C353A5-A00F-4F6A-80FC-7C518BF62E13}.Debug|Any CPU.Build.0 = Debug|Any CPU
		{D1C353A5-A00F-4F6A-80FC-7C518BF62E13}.Release|Any CPU.ActiveCfg = Release|Any CPU
		{D1C353A5-A00F-4F6A-80FC-7C518BF62E13}.Release|Any CPU.Build.0 = Release|Any CPU
		{B8D4A2F7-47A8-4391-AA62-5BDB23B5F90C}.Debug|Any CPU.ActiveCfg = Debug|Any CPU
		{B8D4A2F7-47A8-4391-AA62-5BDB23B5F90C}.Debug|Any CPU.Build.0 = Debug|Any CPU
		{B8D4A2F7-47A8-4391-AA62-5BDB23B5F90C}.Release|Any CPU.ActiveCfg = Release|Any CPU
		{B8D4A2F7-47A8-4391-AA62-5BDB23B5F90C}.Release|Any CPU.Build.0 = Release|Any CPU
		{AFDE8707-F7F3-403A-97F6-3B24F827B011}.Debug|Any CPU.ActiveCfg = Debug|Any CPU
		{AFDE8707-F7F3-403A-97F6-3B24F827B011}.Debug|Any CPU.Build.0 = Debug|Any CPU
		{AFDE8707-F7F3-403A-97F6-3B24F827B011}.Release|Any CPU.ActiveCfg = Release|Any CPU
		{AFDE8707-F7F3-403A-97F6-3B24F827B011}.Release|Any CPU.Build.0 = Release|Any CPU
		{0C5BCD9D-CC36-4FD6-AAFC-8D4370FF01E2}.Debug|Any CPU.ActiveCfg = Debug|Any CPU
		{0C5BCD9D-CC36-4FD6-AAFC-8D4370FF01E2}.Debug|Any CPU.Build.0 = Debug|Any CPU
		{0C5BCD9D-CC36-4FD6-AAFC-8D4370FF01E2}.Release|Any CPU.ActiveCfg = Release|Any CPU
		{0C5BCD9D-CC36-4FD6-AAFC-8D4370FF01E2}.Release|Any CPU.Build.0 = Release|Any CPU
		{DDC1C49E-0A0B-4471-B859-20FAAF1B1C14}.Debug|Any CPU.ActiveCfg = Debug|Any CPU
		{DDC1C49E-0A0B-4471-B859-20FAAF1B1C14}.Debug|Any CPU.Build.0 = Debug|Any CPU
		{DDC1C49E-0A0B-4471-B859-20FAAF1B1C14}.Release|Any CPU.ActiveCfg = Release|Any CPU
		{DDC1C49E-0A0B-4471-B859-20FAAF1B1C14}.Release|Any CPU.Build.0 = Release|Any CPU
		{2793C1C1-F62A-45F2-8147-11548CC5B875}.Debug|Any CPU.ActiveCfg = Debug|Any CPU
		{2793C1C1-F62A-45F2-8147-11548CC5B875}.Debug|Any CPU.Build.0 = Debug|Any CPU
		{2793C1C1-F62A-45F2-8147-11548CC5B875}.Release|Any CPU.ActiveCfg = Release|Any CPU
		{2793C1C1-F62A-45F2-8147-11548CC5B875}.Release|Any CPU.Build.0 = Release|Any CPU
		{F130A567-D93F-4A51-93CA-BE94032E4403}.Debug|Any CPU.ActiveCfg = Debug|Any CPU
		{F130A567-D93F-4A51-93CA-BE94032E4403}.Debug|Any CPU.Build.0 = Debug|Any CPU
		{F130A567-D93F-4A51-93CA-BE94032E4403}.Release|Any CPU.ActiveCfg = Release|Any CPU
		{F130A567-D93F-4A51-93CA-BE94032E4403}.Release|Any CPU.Build.0 = Release|Any CPU
		{081C688D-30A9-47D7-89FB-332B4E6D4414}.Debug|Any CPU.ActiveCfg = Debug|Any CPU
		{081C688D-30A9-47D7-89FB-332B4E6D4414}.Debug|Any CPU.Build.0 = Debug|Any CPU
		{081C688D-30A9-47D7-89FB-332B4E6D4414}.Release|Any CPU.ActiveCfg = Release|Any CPU
		{081C688D-30A9-47D7-89FB-332B4E6D4414}.Release|Any CPU.Build.0 = Release|Any CPU
	EndGlobalSection
	GlobalSection(SolutionProperties) = preSolution
		HideSolutionNode = FALSE
	EndGlobalSection
	GlobalSection(ExtensibilityGlobals) = postSolution
		SolutionGuid = {8BBB5A77-43F3-459E-AC63-4BFA1ADF8A6A}
	EndGlobalSection
EndGlobal
