
Microsoft Visual Studio Solution File, Format Version 12.00
# Visual Studio Version 17
VisualStudioVersion = 17.8.34330.188
MinimumVisualStudioVersion = 10.0.40219.1
Project("{9A19103F-16F7-4668-BE54-9A1E7A4F7556}") = "Paint", "Paint.csproj", "{702B9200-1896-4C05-BEBF-AC366386D346}"
EndProject
Project("{9A19103F-16F7-4668-BE54-9A1E7A4F7556}") = "AdornerLib", "..\AdornerLib\AdornerLib.csproj", "{018CBD38-5DAB-4AD4-89E0-72897E1D9583}"
EndProject
Project("{2150E333-8FDC-42A3-9474-1A3956D46DE8}") = "PaintWindow", "PaintWindow", "{D408F7AD-8C74-4204-83FC-8D373505DDEF}"
EndProject
Project("{2150E333-8FDC-42A3-9474-1A3956D46DE8}") = "Shapes", "Shapes", "{58BACB54-F970-4D4E-B824-F795D199E72C}"
EndProject
Project("{9A19103F-16F7-4668-BE54-9A1E7A4F7556}") = "Contract", "..\Contract\Contract.csproj", "{9175F032-A876-467E-A858-2113AD6FCB26}"
EndProject
Project("{9A19103F-16F7-4668-BE54-9A1E7A4F7556}") = "CurveLib", "..\CurveLib\CurveLib.csproj", "{41180A20-64BD-49C2-A3C5-F6ED32100F5C}"
EndProject
Project("{9A19103F-16F7-4668-BE54-9A1E7A4F7556}") = "EraserLib", "..\EraserLib\EraserLib.csproj", "{B76D3826-4B0C-4D72-8E31-6AE2BC9827DF}"
EndProject
Project("{9A19103F-16F7-4668-BE54-9A1E7A4F7556}") = "ArrowLib", "..\ArrowLib\ArrowLib.csproj", "{49F6B681-5476-4B5D-BE1D-A6828C0DC839}"
EndProject
Project("{9A19103F-16F7-4668-BE54-9A1E7A4F7556}") = "DiamonLib", "..\DiamonLib\DiamonLib.csproj", "{97DA512F-F7EF-4F9F-BA00-D5156AB860A4}"
EndProject
Project("{9A19103F-16F7-4668-BE54-9A1E7A4F7556}") = "ElipseLib", "..\ElipseLib\ElipseLib.csproj", "{A4B52743-E306-4AE0-B0E2-7A681F689078}"
EndProject
Project("{9A19103F-16F7-4668-BE54-9A1E7A4F7556}") = "HeartLib", "..\HeartLib\HeartLib.csproj", "{BF4522A9-BB72-4B3D-B32C-420A5F89F2B7}"
EndProject
Project("{9A19103F-16F7-4668-BE54-9A1E7A4F7556}") = "HexagonLib", "..\HexagonLib\HexagonLib.csproj", "{7CDC84E9-A5B6-40F4-80E6-DB23D40CF367}"
EndProject
Project("{9A19103F-16F7-4668-BE54-9A1E7A4F7556}") = "ImageLib", "..\ImageLib\ImageLib.csproj", "{142F4757-CD4E-43D0-95A1-40AF1BD75E3D}"
EndProject
Project("{9A19103F-16F7-4668-BE54-9A1E7A4F7556}") = "LineLib", "..\LineLib\LineLib.csproj", "{7735BFD0-60A5-4533-9E37-D7456F39C631}"
EndProject
Project("{9A19103F-16F7-4668-BE54-9A1E7A4F7556}") = "OutlineLib", "..\OutlineLib\OutlineLib.csproj", "{A83C8793-165B-4C80-B01F-053EB8B0DDE7}"
EndProject
Project("{9A19103F-16F7-4668-BE54-9A1E7A4F7556}") = "RectangleLib", "..\RectangleLib\RectangleLib.csproj", "{9314F8FF-133C-421C-B37B-02A91744FB3C}"
EndProject
Project("{9A19103F-16F7-4668-BE54-9A1E7A4F7556}") = "SelectLib", "..\SelectLib\SelectLib.csproj", "{975CE434-7708-4061-9B9C-37FD4383C534}"
EndProject
Project("{9A19103F-16F7-4668-BE54-9A1E7A4F7556}") = "UltilitiesLib", "..\UltilitiesLib\UltilitiesLib.csproj", "{4AD462D9-FC58-4271-AFD5-DF6ABD1C311B}"
EndProject
Project("{9A19103F-16F7-4668-BE54-9A1E7A4F7556}") = "SquareLib", "..\SquareLib\SquareLib.csproj", "{5A527B28-5598-4A7D-BE5C-19AD4F9EBFBD}"
EndProject
Project("{9A19103F-16F7-4668-BE54-9A1E7A4F7556}") = "StarLib", "..\StarLib\StarLib.csproj", "{1A3C2446-D7DD-4896-A7B7-3C935A5ABD05}"
EndProject
Project("{9A19103F-16F7-4668-BE54-9A1E7A4F7556}") = "TextBoxLib", "..\TextBoxLib\TextBoxLib.csproj", "{DA600872-E3DA-4587-9DDC-3C59D2508CE5}"
EndProject
Project("{9A19103F-16F7-4668-BE54-9A1E7A4F7556}") = "TriangleLib", "..\TriangleLib\TriangleLib.csproj", "{F23BC15C-2914-41E9-BD25-7EC034F8DB05}"
EndProject
Project("{9A19103F-16F7-4668-BE54-9A1E7A4F7556}") = "FillColorLib", "..\FillColorLib\FillColorLib.csproj", "{13EFD962-1A29-4ECC-81AB-C0C2E7F51A24}"
EndProject
Global
	GlobalSection(SolutionConfigurationPlatforms) = preSolution
		Debug|Any CPU = Debug|Any CPU
		Release|Any CPU = Release|Any CPU
	EndGlobalSection
	GlobalSection(ProjectConfigurationPlatforms) = postSolution
		{702B9200-1896-4C05-BEBF-AC366386D346}.Debug|Any CPU.ActiveCfg = Debug|Any CPU
		{702B9200-1896-4C05-BEBF-AC366386D346}.Debug|Any CPU.Build.0 = Debug|Any CPU
		{702B9200-1896-4C05-BEBF-AC366386D346}.Release|Any CPU.ActiveCfg = Release|Any CPU
		{702B9200-1896-4C05-BEBF-AC366386D346}.Release|Any CPU.Build.0 = Release|Any CPU
		{018CBD38-5DAB-4AD4-89E0-72897E1D9583}.Debug|Any CPU.ActiveCfg = Debug|Any CPU
		{018CBD38-5DAB-4AD4-89E0-72897E1D9583}.Debug|Any CPU.Build.0 = Debug|Any CPU
		{018CBD38-5DAB-4AD4-89E0-72897E1D9583}.Release|Any CPU.ActiveCfg = Release|Any CPU
		{018CBD38-5DAB-4AD4-89E0-72897E1D9583}.Release|Any CPU.Build.0 = Release|Any CPU
		{9175F032-A876-467E-A858-2113AD6FCB26}.Debug|Any CPU.ActiveCfg = Debug|Any CPU
		{9175F032-A876-467E-A858-2113AD6FCB26}.Debug|Any CPU.Build.0 = Debug|Any CPU
		{9175F032-A876-467E-A858-2113AD6FCB26}.Release|Any CPU.ActiveCfg = Release|Any CPU
		{9175F032-A876-467E-A858-2113AD6FCB26}.Release|Any CPU.Build.0 = Release|Any CPU
		{41180A20-64BD-49C2-A3C5-F6ED32100F5C}.Debug|Any CPU.ActiveCfg = Debug|Any CPU
		{41180A20-64BD-49C2-A3C5-F6ED32100F5C}.Debug|Any CPU.Build.0 = Debug|Any CPU
		{41180A20-64BD-49C2-A3C5-F6ED32100F5C}.Release|Any CPU.ActiveCfg = Release|Any CPU
		{41180A20-64BD-49C2-A3C5-F6ED32100F5C}.Release|Any CPU.Build.0 = Release|Any CPU
		{B76D3826-4B0C-4D72-8E31-6AE2BC9827DF}.Debug|Any CPU.ActiveCfg = Debug|Any CPU
		{B76D3826-4B0C-4D72-8E31-6AE2BC9827DF}.Debug|Any CPU.Build.0 = Debug|Any CPU
		{B76D3826-4B0C-4D72-8E31-6AE2BC9827DF}.Release|Any CPU.ActiveCfg = Release|Any CPU
		{B76D3826-4B0C-4D72-8E31-6AE2BC9827DF}.Release|Any CPU.Build.0 = Release|Any CPU
		{49F6B681-5476-4B5D-BE1D-A6828C0DC839}.Debug|Any CPU.ActiveCfg = Debug|Any CPU
		{49F6B681-5476-4B5D-BE1D-A6828C0DC839}.Debug|Any CPU.Build.0 = Debug|Any CPU
		{49F6B681-5476-4B5D-BE1D-A6828C0DC839}.Release|Any CPU.ActiveCfg = Release|Any CPU
		{49F6B681-5476-4B5D-BE1D-A6828C0DC839}.Release|Any CPU.Build.0 = Release|Any CPU
		{97DA512F-F7EF-4F9F-BA00-D5156AB860A4}.Debug|Any CPU.ActiveCfg = Debug|Any CPU
		{97DA512F-F7EF-4F9F-BA00-D5156AB860A4}.Debug|Any CPU.Build.0 = Debug|Any CPU
		{97DA512F-F7EF-4F9F-BA00-D5156AB860A4}.Release|Any CPU.ActiveCfg = Release|Any CPU
		{97DA512F-F7EF-4F9F-BA00-D5156AB860A4}.Release|Any CPU.Build.0 = Release|Any CPU
		{A4B52743-E306-4AE0-B0E2-7A681F689078}.Debug|Any CPU.ActiveCfg = Debug|Any CPU
		{A4B52743-E306-4AE0-B0E2-7A681F689078}.Debug|Any CPU.Build.0 = Debug|Any CPU
		{A4B52743-E306-4AE0-B0E2-7A681F689078}.Release|Any CPU.ActiveCfg = Release|Any CPU
		{A4B52743-E306-4AE0-B0E2-7A681F689078}.Release|Any CPU.Build.0 = Release|Any CPU
		{BF4522A9-BB72-4B3D-B32C-420A5F89F2B7}.Debug|Any CPU.ActiveCfg = Debug|Any CPU
		{BF4522A9-BB72-4B3D-B32C-420A5F89F2B7}.Debug|Any CPU.Build.0 = Debug|Any CPU
		{BF4522A9-BB72-4B3D-B32C-420A5F89F2B7}.Release|Any CPU.ActiveCfg = Release|Any CPU
		{BF4522A9-BB72-4B3D-B32C-420A5F89F2B7}.Release|Any CPU.Build.0 = Release|Any CPU
		{7CDC84E9-A5B6-40F4-80E6-DB23D40CF367}.Debug|Any CPU.ActiveCfg = Debug|Any CPU
		{7CDC84E9-A5B6-40F4-80E6-DB23D40CF367}.Debug|Any CPU.Build.0 = Debug|Any CPU
		{7CDC84E9-A5B6-40F4-80E6-DB23D40CF367}.Release|Any CPU.ActiveCfg = Release|Any CPU
		{7CDC84E9-A5B6-40F4-80E6-DB23D40CF367}.Release|Any CPU.Build.0 = Release|Any CPU
		{142F4757-CD4E-43D0-95A1-40AF1BD75E3D}.Debug|Any CPU.ActiveCfg = Debug|Any CPU
		{142F4757-CD4E-43D0-95A1-40AF1BD75E3D}.Debug|Any CPU.Build.0 = Debug|Any CPU
		{142F4757-CD4E-43D0-95A1-40AF1BD75E3D}.Release|Any CPU.ActiveCfg = Release|Any CPU
		{142F4757-CD4E-43D0-95A1-40AF1BD75E3D}.Release|Any CPU.Build.0 = Release|Any CPU
		{7735BFD0-60A5-4533-9E37-D7456F39C631}.Debug|Any CPU.ActiveCfg = Debug|Any CPU
		{7735BFD0-60A5-4533-9E37-D7456F39C631}.Debug|Any CPU.Build.0 = Debug|Any CPU
		{7735BFD0-60A5-4533-9E37-D7456F39C631}.Release|Any CPU.ActiveCfg = Release|Any CPU
		{7735BFD0-60A5-4533-9E37-D7456F39C631}.Release|Any CPU.Build.0 = Release|Any CPU
		{A83C8793-165B-4C80-B01F-053EB8B0DDE7}.Debug|Any CPU.ActiveCfg = Debug|Any CPU
		{A83C8793-165B-4C80-B01F-053EB8B0DDE7}.Debug|Any CPU.Build.0 = Debug|Any CPU
		{A83C8793-165B-4C80-B01F-053EB8B0DDE7}.Release|Any CPU.ActiveCfg = Release|Any CPU
		{A83C8793-165B-4C80-B01F-053EB8B0DDE7}.Release|Any CPU.Build.0 = Release|Any CPU
		{9314F8FF-133C-421C-B37B-02A91744FB3C}.Debug|Any CPU.ActiveCfg = Debug|Any CPU
		{9314F8FF-133C-421C-B37B-02A91744FB3C}.Debug|Any CPU.Build.0 = Debug|Any CPU
		{9314F8FF-133C-421C-B37B-02A91744FB3C}.Release|Any CPU.ActiveCfg = Release|Any CPU
		{9314F8FF-133C-421C-B37B-02A91744FB3C}.Release|Any CPU.Build.0 = Release|Any CPU
		{975CE434-7708-4061-9B9C-37FD4383C534}.Debug|Any CPU.ActiveCfg = Debug|Any CPU
		{975CE434-7708-4061-9B9C-37FD4383C534}.Debug|Any CPU.Build.0 = Debug|Any CPU
		{975CE434-7708-4061-9B9C-37FD4383C534}.Release|Any CPU.ActiveCfg = Release|Any CPU
		{975CE434-7708-4061-9B9C-37FD4383C534}.Release|Any CPU.Build.0 = Release|Any CPU
		{4AD462D9-FC58-4271-AFD5-DF6ABD1C311B}.Debug|Any CPU.ActiveCfg = Debug|Any CPU
		{4AD462D9-FC58-4271-AFD5-DF6ABD1C311B}.Debug|Any CPU.Build.0 = Debug|Any CPU
		{4AD462D9-FC58-4271-AFD5-DF6ABD1C311B}.Release|Any CPU.ActiveCfg = Release|Any CPU
		{4AD462D9-FC58-4271-AFD5-DF6ABD1C311B}.Release|Any CPU.Build.0 = Release|Any CPU
		{5A527B28-5598-4A7D-BE5C-19AD4F9EBFBD}.Debug|Any CPU.ActiveCfg = Debug|Any CPU
		{5A527B28-5598-4A7D-BE5C-19AD4F9EBFBD}.Debug|Any CPU.Build.0 = Debug|Any CPU
		{5A527B28-5598-4A7D-BE5C-19AD4F9EBFBD}.Release|Any CPU.ActiveCfg = Release|Any CPU
		{5A527B28-5598-4A7D-BE5C-19AD4F9EBFBD}.Release|Any CPU.Build.0 = Release|Any CPU
		{1A3C2446-D7DD-4896-A7B7-3C935A5ABD05}.Debug|Any CPU.ActiveCfg = Debug|Any CPU
		{1A3C2446-D7DD-4896-A7B7-3C935A5ABD05}.Debug|Any CPU.Build.0 = Debug|Any CPU
		{1A3C2446-D7DD-4896-A7B7-3C935A5ABD05}.Release|Any CPU.ActiveCfg = Release|Any CPU
		{1A3C2446-D7DD-4896-A7B7-3C935A5ABD05}.Release|Any CPU.Build.0 = Release|Any CPU
		{DA600872-E3DA-4587-9DDC-3C59D2508CE5}.Debug|Any CPU.ActiveCfg = Debug|Any CPU
		{DA600872-E3DA-4587-9DDC-3C59D2508CE5}.Debug|Any CPU.Build.0 = Debug|Any CPU
		{DA600872-E3DA-4587-9DDC-3C59D2508CE5}.Release|Any CPU.ActiveCfg = Release|Any CPU
		{DA600872-E3DA-4587-9DDC-3C59D2508CE5}.Release|Any CPU.Build.0 = Release|Any CPU
		{F23BC15C-2914-41E9-BD25-7EC034F8DB05}.Debug|Any CPU.ActiveCfg = Debug|Any CPU
		{F23BC15C-2914-41E9-BD25-7EC034F8DB05}.Debug|Any CPU.Build.0 = Debug|Any CPU
		{F23BC15C-2914-41E9-BD25-7EC034F8DB05}.Release|Any CPU.ActiveCfg = Release|Any CPU
		{F23BC15C-2914-41E9-BD25-7EC034F8DB05}.Release|Any CPU.Build.0 = Release|Any CPU
		{13EFD962-1A29-4ECC-81AB-C0C2E7F51A24}.Debug|Any CPU.ActiveCfg = Debug|Any CPU
		{13EFD962-1A29-4ECC-81AB-C0C2E7F51A24}.Debug|Any CPU.Build.0 = Debug|Any CPU
		{13EFD962-1A29-4ECC-81AB-C0C2E7F51A24}.Release|Any CPU.ActiveCfg = Release|Any CPU
		{13EFD962-1A29-4ECC-81AB-C0C2E7F51A24}.Release|Any CPU.Build.0 = Release|Any CPU
	EndGlobalSection
	GlobalSection(SolutionProperties) = preSolution
		HideSolutionNode = FALSE
	EndGlobalSection
	GlobalSection(NestedProjects) = preSolution
		{702B9200-1896-4C05-BEBF-AC366386D346} = {D408F7AD-8C74-4204-83FC-8D373505DDEF}
		{018CBD38-5DAB-4AD4-89E0-72897E1D9583} = {D408F7AD-8C74-4204-83FC-8D373505DDEF}
		{9175F032-A876-467E-A858-2113AD6FCB26} = {D408F7AD-8C74-4204-83FC-8D373505DDEF}
		{41180A20-64BD-49C2-A3C5-F6ED32100F5C} = {D408F7AD-8C74-4204-83FC-8D373505DDEF}
		{B76D3826-4B0C-4D72-8E31-6AE2BC9827DF} = {D408F7AD-8C74-4204-83FC-8D373505DDEF}
		{49F6B681-5476-4B5D-BE1D-A6828C0DC839} = {58BACB54-F970-4D4E-B824-F795D199E72C}
		{97DA512F-F7EF-4F9F-BA00-D5156AB860A4} = {58BACB54-F970-4D4E-B824-F795D199E72C}
		{A4B52743-E306-4AE0-B0E2-7A681F689078} = {58BACB54-F970-4D4E-B824-F795D199E72C}
		{BF4522A9-BB72-4B3D-B32C-420A5F89F2B7} = {58BACB54-F970-4D4E-B824-F795D199E72C}
		{7CDC84E9-A5B6-40F4-80E6-DB23D40CF367} = {58BACB54-F970-4D4E-B824-F795D199E72C}
		{142F4757-CD4E-43D0-95A1-40AF1BD75E3D} = {D408F7AD-8C74-4204-83FC-8D373505DDEF}
		{7735BFD0-60A5-4533-9E37-D7456F39C631} = {D408F7AD-8C74-4204-83FC-8D373505DDEF}
		{A83C8793-165B-4C80-B01F-053EB8B0DDE7} = {D408F7AD-8C74-4204-83FC-8D373505DDEF}
		{9314F8FF-133C-421C-B37B-02A91744FB3C} = {58BACB54-F970-4D4E-B824-F795D199E72C}
		{975CE434-7708-4061-9B9C-37FD4383C534} = {D408F7AD-8C74-4204-83FC-8D373505DDEF}
		{4AD462D9-FC58-4271-AFD5-DF6ABD1C311B} = {D408F7AD-8C74-4204-83FC-8D373505DDEF}
		{5A527B28-5598-4A7D-BE5C-19AD4F9EBFBD} = {58BACB54-F970-4D4E-B824-F795D199E72C}
		{1A3C2446-D7DD-4896-A7B7-3C935A5ABD05} = {58BACB54-F970-4D4E-B824-F795D199E72C}
		{DA600872-E3DA-4587-9DDC-3C59D2508CE5} = {D408F7AD-8C74-4204-83FC-8D373505DDEF}
		{F23BC15C-2914-41E9-BD25-7EC034F8DB05} = {58BACB54-F970-4D4E-B824-F795D199E72C}
		{13EFD962-1A29-4ECC-81AB-C0C2E7F51A24} = {D408F7AD-8C74-4204-83FC-8D373505DDEF}
	EndGlobalSection
	GlobalSection(ExtensibilityGlobals) = postSolution
		SolutionGuid = {79C1EE73-C7C7-4D0F-BFFE-53EA924CC63E}
	EndGlobalSection
EndGlobal
